
Microsoft Visual Studio Solution File, Format Version 12.00
Project("{FAE04EC0-301F-11D3-BF4B-00C04F79EFBC}") = "fsci.client", "fsci.client\fsci.client.csproj", "{BF48C671-933F-47DF-928A-9FC9D5D70075}"
EndProject
Project("{FAE04EC0-301F-11D3-BF4B-00C04F79EFBC}") = "fsci.engine", "fsci.engine\fsci.engine.csproj", "{915A0A96-1D42-439C-8DA8-7B38B216AED8}"
EndProject
Global
	GlobalSection(SolutionConfigurationPlatforms) = preSolution
		Debug|Any CPU = Debug|Any CPU
		Release|Any CPU = Release|Any CPU
	EndGlobalSection
	GlobalSection(ProjectConfigurationPlatforms) = postSolution
		{BF48C671-933F-47DF-928A-9FC9D5D70075}.Debug|Any CPU.ActiveCfg = Debug|Any CPU
		{BF48C671-933F-47DF-928A-9FC9D5D70075}.Debug|Any CPU.Build.0 = Debug|Any CPU
		{BF48C671-933F-47DF-928A-9FC9D5D70075}.Release|Any CPU.ActiveCfg = Release|Any CPU
		{BF48C671-933F-47DF-928A-9FC9D5D70075}.Release|Any CPU.Build.0 = Release|Any CPU
		{915A0A96-1D42-439C-8DA8-7B38B216AED8}.Debug|Any CPU.ActiveCfg = Debug|Any CPU
		{915A0A96-1D42-439C-8DA8-7B38B216AED8}.Debug|Any CPU.Build.0 = Debug|Any CPU
		{915A0A96-1D42-439C-8DA8-7B38B216AED8}.Release|Any CPU.ActiveCfg = Release|Any CPU
		{915A0A96-1D42-439C-8DA8-7B38B216AED8}.Release|Any CPU.Build.0 = Release|Any CPU
	EndGlobalSection
EndGlobal
